// !$*UTF8*$!
{
	archiveVersion = 1;
	classes = {
	};
	objectVersion = 50;
	objects = {

/* Begin PBXBuildFile section */
		7D02CDA524D2F4EA00B46F11 /* AppDelegate.swift in Sources */ = {isa = PBXBuildFile; fileRef = 7D02CDA424D2F4EA00B46F11 /* AppDelegate.swift */; };
		7D02CDA724D2F4EA00B46F11 /* SceneDelegate.swift in Sources */ = {isa = PBXBuildFile; fileRef = 7D02CDA624D2F4EA00B46F11 /* SceneDelegate.swift */; };
		7D02CDA924D2F4EA00B46F11 /* ContentView.swift in Sources */ = {isa = PBXBuildFile; fileRef = 7D02CDA824D2F4EA00B46F11 /* ContentView.swift */; };
		7D02CDAB24D2F4EC00B46F11 /* Assets.xcassets in Resources */ = {isa = PBXBuildFile; fileRef = 7D02CDAA24D2F4EC00B46F11 /* Assets.xcassets */; };
		7D02CDAE24D2F4EC00B46F11 /* Preview Assets.xcassets in Resources */ = {isa = PBXBuildFile; fileRef = 7D02CDAD24D2F4EC00B46F11 /* Preview Assets.xcassets */; };
		7D02CDB124D2F4EC00B46F11 /* LaunchScreen.storyboard in Resources */ = {isa = PBXBuildFile; fileRef = 7D02CDAF24D2F4EC00B46F11 /* LaunchScreen.storyboard */; };
		7D02CDBC24D2F4EC00B46F11 /* TestAppTests.swift in Sources */ = {isa = PBXBuildFile; fileRef = 7D02CDBB24D2F4EC00B46F11 /* TestAppTests.swift */; };
		7D02CDC724D2F4ED00B46F11 /* TestAppUITests.swift in Sources */ = {isa = PBXBuildFile; fileRef = 7D02CDC624D2F4ED00B46F11 /* TestAppUITests.swift */; };
/* End PBXBuildFile section */

/* Begin PBXContainerItemProxy section */
		7D02CDB824D2F4EC00B46F11 /* PBXContainerItemProxy */ = {
			isa = PBXContainerItemProxy;
			containerPortal = 7D02CD9924D2F4EA00B46F11 /* Project object */;
			proxyType = 1;
			remoteGlobalIDString = 7D02CDA024D2F4EA00B46F11;
			remoteInfo = TestApp;
		};
		7D02CDC324D2F4ED00B46F11 /* PBXContainerItemProxy */ = {
			isa = PBXContainerItemProxy;
			containerPortal = 7D02CD9924D2F4EA00B46F11 /* Project object */;
			proxyType = 1;
			remoteGlobalIDString = 7D02CDA024D2F4EA00B46F11;
			remoteInfo = TestApp;
		};
/* End PBXContainerItemProxy section */

/* Begin PBXFileReference section */
		7D02CDA124D2F4EA00B46F11 /* TestApp.app */ = {isa = PBXFileReference; explicitFileType = wrapper.application; includeInIndex = 0; path = TestApp.app; sourceTree = BUILT_PRODUCTS_DIR; };
		7D02CDA424D2F4EA00B46F11 /* AppDelegate.swift */ = {isa = PBXFileReference; lastKnownFileType = sourcecode.swift; path = AppDelegate.swift; sourceTree = "<group>"; };
		7D02CDA624D2F4EA00B46F11 /* SceneDelegate.swift */ = {isa = PBXFileReference; lastKnownFileType = sourcecode.swift; path = SceneDelegate.swift; sourceTree = "<group>"; };
		7D02CDA824D2F4EA00B46F11 /* ContentView.swift */ = {isa = PBXFileReference; lastKnownFileType = sourcecode.swift; path = ContentView.swift; sourceTree = "<group>"; };
		7D02CDAA24D2F4EC00B46F11 /* Assets.xcassets */ = {isa = PBXFileReference; lastKnownFileType = folder.assetcatalog; path = Assets.xcassets; sourceTree = "<group>"; };
		7D02CDAD24D2F4EC00B46F11 /* Preview Assets.xcassets */ = {isa = PBXFileReference; lastKnownFileType = folder.assetcatalog; path = "Preview Assets.xcassets"; sourceTree = "<group>"; };
		7D02CDB024D2F4EC00B46F11 /* Base */ = {isa = PBXFileReference; lastKnownFileType = file.storyboard; name = Base; path = Base.lproj/LaunchScreen.storyboard; sourceTree = "<group>"; };
		7D02CDB224D2F4EC00B46F11 /* Info.plist */ = {isa = PBXFileReference; lastKnownFileType = text.plist.xml; path = Info.plist; sourceTree = "<group>"; };
		7D02CDB724D2F4EC00B46F11 /* TestAppTests.xctest */ = {isa = PBXFileReference; explicitFileType = wrapper.cfbundle; includeInIndex = 0; path = TestAppTests.xctest; sourceTree = BUILT_PRODUCTS_DIR; };
		7D02CDBB24D2F4EC00B46F11 /* TestAppTests.swift */ = {isa = PBXFileReference; lastKnownFileType = sourcecode.swift; path = TestAppTests.swift; sourceTree = "<group>"; };
		7D02CDBD24D2F4EC00B46F11 /* Info.plist */ = {isa = PBXFileReference; lastKnownFileType = text.plist.xml; path = Info.plist; sourceTree = "<group>"; };
		7D02CDC224D2F4ED00B46F11 /* TestAppUITests.xctest */ = {isa = PBXFileReference; explicitFileType = wrapper.cfbundle; includeInIndex = 0; path = TestAppUITests.xctest; sourceTree = BUILT_PRODUCTS_DIR; };
		7D02CDC624D2F4ED00B46F11 /* TestAppUITests.swift */ = {isa = PBXFileReference; lastKnownFileType = sourcecode.swift; path = TestAppUITests.swift; sourceTree = "<group>"; };
		7D02CDC824D2F4ED00B46F11 /* Info.plist */ = {isa = PBXFileReference; lastKnownFileType = text.plist.xml; path = Info.plist; sourceTree = "<group>"; };
/* End PBXFileReference section */

/* Begin PBXFrameworksBuildPhase section */
		7D02CD9E24D2F4EA00B46F11 /* Frameworks */ = {
			isa = PBXFrameworksBuildPhase;
			buildActionMask = 2147483647;
			files = (
			);
			runOnlyForDeploymentPostprocessing = 0;
		};
		7D02CDB424D2F4EC00B46F11 /* Frameworks */ = {
			isa = PBXFrameworksBuildPhase;
			buildActionMask = 2147483647;
			files = (
			);
			runOnlyForDeploymentPostprocessing = 0;
		};
		7D02CDBF24D2F4ED00B46F11 /* Frameworks */ = {
			isa = PBXFrameworksBuildPhase;
			buildActionMask = 2147483647;
			files = (
			);
			runOnlyForDeploymentPostprocessing = 0;
		};
/* End PBXFrameworksBuildPhase section */

/* Begin PBXGroup section */
		7D02CD9824D2F4EA00B46F11 = {
			isa = PBXGroup;
			children = (
				7D02CDA324D2F4EA00B46F11 /* TestApp */,
				7D02CDBA24D2F4EC00B46F11 /* TestAppTests */,
				7D02CDC524D2F4ED00B46F11 /* TestAppUITests */,
				7D02CDA224D2F4EA00B46F11 /* Products */,
			);
			sourceTree = "<group>";
		};
		7D02CDA224D2F4EA00B46F11 /* Products */ = {
			isa = PBXGroup;
			children = (
				7D02CDA124D2F4EA00B46F11 /* TestApp.app */,
				7D02CDB724D2F4EC00B46F11 /* TestAppTests.xctest */,
				7D02CDC224D2F4ED00B46F11 /* TestAppUITests.xctest */,
			);
			name = Products;
			sourceTree = "<group>";
		};
		7D02CDA324D2F4EA00B46F11 /* TestApp */ = {
			isa = PBXGroup;
			children = (
				7D02CDA424D2F4EA00B46F11 /* AppDelegate.swift */,
				7D02CDA624D2F4EA00B46F11 /* SceneDelegate.swift */,
				7D02CDA824D2F4EA00B46F11 /* ContentView.swift */,
				7D02CDAA24D2F4EC00B46F11 /* Assets.xcassets */,
				7D02CDAF24D2F4EC00B46F11 /* LaunchScreen.storyboard */,
				7D02CDB224D2F4EC00B46F11 /* Info.plist */,
				7D02CDAC24D2F4EC00B46F11 /* Preview Content */,
			);
			path = TestApp;
			sourceTree = "<group>";
		};
		7D02CDAC24D2F4EC00B46F11 /* Preview Content */ = {
			isa = PBXGroup;
			children = (
				7D02CDAD24D2F4EC00B46F11 /* Preview Assets.xcassets */,
			);
			path = "Preview Content";
			sourceTree = "<group>";
		};
		7D02CDBA24D2F4EC00B46F11 /* TestAppTests */ = {
			isa = PBXGroup;
			children = (
				7D02CDBB24D2F4EC00B46F11 /* TestAppTests.swift */,
				7D02CDBD24D2F4EC00B46F11 /* Info.plist */,
			);
			path = TestAppTests;
			sourceTree = "<group>";
		};
		7D02CDC524D2F4ED00B46F11 /* TestAppUITests */ = {
			isa = PBXGroup;
			children = (
				7D02CDC624D2F4ED00B46F11 /* TestAppUITests.swift */,
				7D02CDC824D2F4ED00B46F11 /* Info.plist */,
			);
			path = TestAppUITests;
			sourceTree = "<group>";
		};
/* End PBXGroup section */

/* Begin PBXNativeTarget section */
		7D02CDA024D2F4EA00B46F11 /* TestApp */ = {
			isa = PBXNativeTarget;
			buildConfigurationList = 7D02CDCB24D2F4ED00B46F11 /* Build configuration list for PBXNativeTarget "TestApp" */;
			buildPhases = (
				7D02CD9D24D2F4EA00B46F11 /* Sources */,
				7D02CD9E24D2F4EA00B46F11 /* Frameworks */,
				7D02CD9F24D2F4EA00B46F11 /* Resources */,
			);
			buildRules = (
			);
			dependencies = (
			);
			name = TestApp;
			productName = TestApp;
			productReference = 7D02CDA124D2F4EA00B46F11 /* TestApp.app */;
			productType = "com.apple.product-type.application";
		};
		7D02CDB624D2F4EC00B46F11 /* TestAppTests */ = {
			isa = PBXNativeTarget;
			buildConfigurationList = 7D02CDCE24D2F4ED00B46F11 /* Build configuration list for PBXNativeTarget "TestAppTests" */;
			buildPhases = (
				7D02CDB324D2F4EC00B46F11 /* Sources */,
				7D02CDB424D2F4EC00B46F11 /* Frameworks */,
				7D02CDB524D2F4EC00B46F11 /* Resources */,
			);
			buildRules = (
			);
			dependencies = (
				7D02CDB924D2F4EC00B46F11 /* PBXTargetDependency */,
			);
			name = TestAppTests;
			productName = TestAppTests;
			productReference = 7D02CDB724D2F4EC00B46F11 /* TestAppTests.xctest */;
			productType = "com.apple.product-type.bundle.unit-test";
		};
		7D02CDC124D2F4ED00B46F11 /* TestAppUITests */ = {
			isa = PBXNativeTarget;
			buildConfigurationList = 7D02CDD124D2F4ED00B46F11 /* Build configuration list for PBXNativeTarget "TestAppUITests" */;
			buildPhases = (
				7D02CDBE24D2F4ED00B46F11 /* Sources */,
				7D02CDBF24D2F4ED00B46F11 /* Frameworks */,
				7D02CDC024D2F4ED00B46F11 /* Resources */,
			);
			buildRules = (
			);
			dependencies = (
				7D02CDC424D2F4ED00B46F11 /* PBXTargetDependency */,
			);
			name = TestAppUITests;
			productName = TestAppUITests;
			productReference = 7D02CDC224D2F4ED00B46F11 /* TestAppUITests.xctest */;
			productType = "com.apple.product-type.bundle.ui-testing";
		};
/* End PBXNativeTarget section */

/* Begin PBXProject section */
		7D02CD9924D2F4EA00B46F11 /* Project object */ = {
			isa = PBXProject;
			attributes = {
				LastSwiftUpdateCheck = 1130;
				LastUpgradeCheck = 1130;
				ORGANIZATIONNAME = "Tamas Chrenoczy-Nagy";
				TargetAttributes = {
					7D02CDA024D2F4EA00B46F11 = {
						CreatedOnToolsVersion = 11.3;
					};
					7D02CDB624D2F4EC00B46F11 = {
						CreatedOnToolsVersion = 11.3;
						TestTargetID = 7D02CDA024D2F4EA00B46F11;
					};
					7D02CDC124D2F4ED00B46F11 = {
						CreatedOnToolsVersion = 11.3;
						TestTargetID = 7D02CDA024D2F4EA00B46F11;
					};
				};
			};
			buildConfigurationList = 7D02CD9C24D2F4EA00B46F11 /* Build configuration list for PBXProject "TestApp" */;
			compatibilityVersion = "Xcode 9.3";
			developmentRegion = en;
			hasScannedForEncodings = 0;
			knownRegions = (
				en,
				Base,
			);
			mainGroup = 7D02CD9824D2F4EA00B46F11;
			productRefGroup = 7D02CDA224D2F4EA00B46F11 /* Products */;
			projectDirPath = "";
			projectRoot = "";
			targets = (
				7D02CDA024D2F4EA00B46F11 /* TestApp */,
				7D02CDB624D2F4EC00B46F11 /* TestAppTests */,
				7D02CDC124D2F4ED00B46F11 /* TestAppUITests */,
			);
		};
/* End PBXProject section */

/* Begin PBXResourcesBuildPhase section */
		7D02CD9F24D2F4EA00B46F11 /* Resources */ = {
			isa = PBXResourcesBuildPhase;
			buildActionMask = 2147483647;
			files = (
				7D02CDB124D2F4EC00B46F11 /* LaunchScreen.storyboard in Resources */,
				7D02CDAE24D2F4EC00B46F11 /* Preview Assets.xcassets in Resources */,
				7D02CDAB24D2F4EC00B46F11 /* Assets.xcassets in Resources */,
			);
			runOnlyForDeploymentPostprocessing = 0;
		};
		7D02CDB524D2F4EC00B46F11 /* Resources */ = {
			isa = PBXResourcesBuildPhase;
			buildActionMask = 2147483647;
			files = (
			);
			runOnlyForDeploymentPostprocessing = 0;
		};
		7D02CDC024D2F4ED00B46F11 /* Resources */ = {
			isa = PBXResourcesBuildPhase;
			buildActionMask = 2147483647;
			files = (
			);
			runOnlyForDeploymentPostprocessing = 0;
		};
/* End PBXResourcesBuildPhase section */

/* Begin PBXSourcesBuildPhase section */
		7D02CD9D24D2F4EA00B46F11 /* Sources */ = {
			isa = PBXSourcesBuildPhase;
			buildActionMask = 2147483647;
			files = (
				7D02CDA524D2F4EA00B46F11 /* AppDelegate.swift in Sources */,
				7D02CDA724D2F4EA00B46F11 /* SceneDelegate.swift in Sources */,
				7D02CDA924D2F4EA00B46F11 /* ContentView.swift in Sources */,
			);
			runOnlyForDeploymentPostprocessing = 0;
		};
		7D02CDB324D2F4EC00B46F11 /* Sources */ = {
			isa = PBXSourcesBuildPhase;
			buildActionMask = 2147483647;
			files = (
				7D02CDBC24D2F4EC00B46F11 /* TestAppTests.swift in Sources */,
			);
			runOnlyForDeploymentPostprocessing = 0;
		};
		7D02CDBE24D2F4ED00B46F11 /* Sources */ = {
			isa = PBXSourcesBuildPhase;
			buildActionMask = 2147483647;
			files = (
				7D02CDC724D2F4ED00B46F11 /* TestAppUITests.swift in Sources */,
			);
			runOnlyForDeploymentPostprocessing = 0;
		};
/* End PBXSourcesBuildPhase section */

/* Begin PBXTargetDependency section */
		7D02CDB924D2F4EC00B46F11 /* PBXTargetDependency */ = {
			isa = PBXTargetDependency;
			target = 7D02CDA024D2F4EA00B46F11 /* TestApp */;
			targetProxy = 7D02CDB824D2F4EC00B46F11 /* PBXContainerItemProxy */;
		};
		7D02CDC424D2F4ED00B46F11 /* PBXTargetDependency */ = {
			isa = PBXTargetDependency;
			target = 7D02CDA024D2F4EA00B46F11 /* TestApp */;
			targetProxy = 7D02CDC324D2F4ED00B46F11 /* PBXContainerItemProxy */;
		};
/* End PBXTargetDependency section */

/* Begin PBXVariantGroup section */
		7D02CDAF24D2F4EC00B46F11 /* LaunchScreen.storyboard */ = {
			isa = PBXVariantGroup;
			children = (
				7D02CDB024D2F4EC00B46F11 /* Base */,
			);
			name = LaunchScreen.storyboard;
			sourceTree = "<group>";
		};
/* End PBXVariantGroup section */

/* Begin XCBuildConfiguration section */
		7D02CDC924D2F4ED00B46F11 /* Debug */ = {
			isa = XCBuildConfiguration;
			buildSettings = {
				ALWAYS_SEARCH_USER_PATHS = NO;
				CLANG_ANALYZER_NONNULL = YES;
				CLANG_ANALYZER_NUMBER_OBJECT_CONVERSION = YES_AGGRESSIVE;
				CLANG_CXX_LANGUAGE_STANDARD = "gnu++14";
				CLANG_CXX_LIBRARY = "libc++";
				CLANG_ENABLE_MODULES = YES;
				CLANG_ENABLE_OBJC_ARC = YES;
				CLANG_ENABLE_OBJC_WEAK = YES;
				CLANG_WARN_BLOCK_CAPTURE_AUTORELEASING = YES;
				CLANG_WARN_BOOL_CONVERSION = YES;
				CLANG_WARN_COMMA = YES;
				CLANG_WARN_CONSTANT_CONVERSION = YES;
				CLANG_WARN_DEPRECATED_OBJC_IMPLEMENTATIONS = YES;
				CLANG_WARN_DIRECT_OBJC_ISA_USAGE = YES_ERROR;
				CLANG_WARN_DOCUMENTATION_COMMENTS = YES;
				CLANG_WARN_EMPTY_BODY = YES;
				CLANG_WARN_ENUM_CONVERSION = YES;
				CLANG_WARN_INFINITE_RECURSION = YES;
				CLANG_WARN_INT_CONVERSION = YES;
				CLANG_WARN_NON_LITERAL_NULL_CONVERSION = YES;
				CLANG_WARN_OBJC_IMPLICIT_RETAIN_SELF = YES;
				CLANG_WARN_OBJC_LITERAL_CONVERSION = YES;
				CLANG_WARN_OBJC_ROOT_CLASS = YES_ERROR;
				CLANG_WARN_RANGE_LOOP_ANALYSIS = YES;
				CLANG_WARN_STRICT_PROTOTYPES = YES;
				CLANG_WARN_SUSPICIOUS_MOVE = YES;
				CLANG_WARN_UNGUARDED_AVAILABILITY = YES_AGGRESSIVE;
				CLANG_WARN_UNREACHABLE_CODE = YES;
				CLANG_WARN__DUPLICATE_METHOD_MATCH = YES;
				COPY_PHASE_STRIP = NO;
				DEBUG_INFORMATION_FORMAT = dwarf;
				ENABLE_STRICT_OBJC_MSGSEND = YES;
				ENABLE_TESTABILITY = YES;
				GCC_C_LANGUAGE_STANDARD = gnu11;
				GCC_DYNAMIC_NO_PIC = NO;
				GCC_NO_COMMON_BLOCKS = YES;
				GCC_OPTIMIZATION_LEVEL = 0;
				GCC_PREPROCESSOR_DEFINITIONS = (
					"DEBUG=1",
					"$(inherited)",
				);
				GCC_WARN_64_TO_32_BIT_CONVERSION = YES;
				GCC_WARN_ABOUT_RETURN_TYPE = YES_ERROR;
				GCC_WARN_UNDECLARED_SELECTOR = YES;
				GCC_WARN_UNINITIALIZED_AUTOS = YES_AGGRESSIVE;
				GCC_WARN_UNUSED_FUNCTION = YES;
				GCC_WARN_UNUSED_VARIABLE = YES;
				IPHONEOS_DEPLOYMENT_TARGET = 13.2;
				MTL_ENABLE_DEBUG_INFO = INCLUDE_SOURCE;
				MTL_FAST_MATH = YES;
				ONLY_ACTIVE_ARCH = YES;
				SDKROOT = iphoneos;
				SWIFT_ACTIVE_COMPILATION_CONDITIONS = DEBUG;
				SWIFT_OPTIMIZATION_LEVEL = "-Onone";
			};
			name = Debug;
		};
		7D02CDCA24D2F4ED00B46F11 /* Release */ = {
			isa = XCBuildConfiguration;
			buildSettings = {
				ALWAYS_SEARCH_USER_PATHS = NO;
				CLANG_ANALYZER_NONNULL = YES;
				CLANG_ANALYZER_NUMBER_OBJECT_CONVERSION = YES_AGGRESSIVE;
				CLANG_CXX_LANGUAGE_STANDARD = "gnu++14";
				CLANG_CXX_LIBRARY = "libc++";
				CLANG_ENABLE_MODULES = YES;
				CLANG_ENABLE_OBJC_ARC = YES;
				CLANG_ENABLE_OBJC_WEAK = YES;
				CLANG_WARN_BLOCK_CAPTURE_AUTORELEASING = YES;
				CLANG_WARN_BOOL_CONVERSION = YES;
				CLANG_WARN_COMMA = YES;
				CLANG_WARN_CONSTANT_CONVERSION = YES;
				CLANG_WARN_DEPRECATED_OBJC_IMPLEMENTATIONS = YES;
				CLANG_WARN_DIRECT_OBJC_ISA_USAGE = YES_ERROR;
				CLANG_WARN_DOCUMENTATION_COMMENTS = YES;
				CLANG_WARN_EMPTY_BODY = YES;
				CLANG_WARN_ENUM_CONVERSION = YES;
				CLANG_WARN_INFINITE_RECURSION = YES;
				CLANG_WARN_INT_CONVERSION = YES;
				CLANG_WARN_NON_LITERAL_NULL_CONVERSION = YES;
				CLANG_WARN_OBJC_IMPLICIT_RETAIN_SELF = YES;
				CLANG_WARN_OBJC_LITERAL_CONVERSION = YES;
				CLANG_WARN_OBJC_ROOT_CLASS = YES_ERROR;
				CLANG_WARN_RANGE_LOOP_ANALYSIS = YES;
				CLANG_WARN_STRICT_PROTOTYPES = YES;
				CLANG_WARN_SUSPICIOUS_MOVE = YES;
				CLANG_WARN_UNGUARDED_AVAILABILITY = YES_AGGRESSIVE;
				CLANG_WARN_UNREACHABLE_CODE = YES;
				CLANG_WARN__DUPLICATE_METHOD_MATCH = YES;
				COPY_PHASE_STRIP = NO;
				DEBUG_INFORMATION_FORMAT = "dwarf-with-dsym";
				ENABLE_NS_ASSERTIONS = NO;
				ENABLE_STRICT_OBJC_MSGSEND = YES;
				GCC_C_LANGUAGE_STANDARD = gnu11;
				GCC_NO_COMMON_BLOCKS = YES;
				GCC_WARN_64_TO_32_BIT_CONVERSION = YES;
				GCC_WARN_ABOUT_RETURN_TYPE = YES_ERROR;
				GCC_WARN_UNDECLARED_SELECTOR = YES;
				GCC_WARN_UNINITIALIZED_AUTOS = YES_AGGRESSIVE;
				GCC_WARN_UNUSED_FUNCTION = YES;
				GCC_WARN_UNUSED_VARIABLE = YES;
				IPHONEOS_DEPLOYMENT_TARGET = 13.2;
				MTL_ENABLE_DEBUG_INFO = NO;
				MTL_FAST_MATH = YES;
				SDKROOT = iphoneos;
				SWIFT_COMPILATION_MODE = wholemodule;
				SWIFT_OPTIMIZATION_LEVEL = "-O";
				VALIDATE_PRODUCT = YES;
			};
			name = Release;
		};
		7D02CDCC24D2F4ED00B46F11 /* Debug */ = {
			isa = XCBuildConfiguration;
			buildSettings = {
				ASSETCATALOG_COMPILER_APPICON_NAME = AppIcon;
				CODE_SIGN_STYLE = Automatic;
				DEVELOPMENT_ASSET_PATHS = "\"TestApp/Preview Content\"";
				ENABLE_PREVIEWS = YES;
				INFOPLIST_FILE = TestApp/Info.plist;
				LD_RUNPATH_SEARCH_PATHS = (
					"$(inherited)",
					"@executable_path/Frameworks",
				);
				PRODUCT_BUNDLE_IDENTIFIER = TestOrg.TestApp;
				PRODUCT_NAME = "$(TARGET_NAME)";
				SWIFT_VERSION = 5.0;
				TARGETED_DEVICE_FAMILY = "1,2";
			};
			name = Debug;
		};
		7D02CDCD24D2F4ED00B46F11 /* Release */ = {
			isa = XCBuildConfiguration;
			buildSettings = {
				ASSETCATALOG_COMPILER_APPICON_NAME = AppIcon;
				CODE_SIGN_STYLE = Automatic;
				DEVELOPMENT_ASSET_PATHS = "\"TestApp/Preview Content\"";
				ENABLE_PREVIEWS = YES;
				INFOPLIST_FILE = TestApp/Info.plist;
				LD_RUNPATH_SEARCH_PATHS = (
					"$(inherited)",
					"@executable_path/Frameworks",
				);
				PRODUCT_BUNDLE_IDENTIFIER = TestOrg.TestApp;
				PRODUCT_NAME = "$(TARGET_NAME)";
				SWIFT_VERSION = 5.0;
				TARGETED_DEVICE_FAMILY = "1,2";
			};
			name = Release;
		};
		7D02CDCF24D2F4ED00B46F11 /* Debug */ = {
			isa = XCBuildConfiguration;
			buildSettings = {
				ALWAYS_EMBED_SWIFT_STANDARD_LIBRARIES = YES;
				BUNDLE_LOADER = "$(TEST_HOST)";
				CODE_SIGN_STYLE = Automatic;
				INFOPLIST_FILE = TestAppTests/Info.plist;
				IPHONEOS_DEPLOYMENT_TARGET = 13.2;
				LD_RUNPATH_SEARCH_PATHS = (
					"$(inherited)",
					"@executable_path/Frameworks",
					"@loader_path/Frameworks",
				);
				PRODUCT_BUNDLE_IDENTIFIER = TestOrg.TestAppTests;
				PRODUCT_NAME = "$(TARGET_NAME)";
				SWIFT_VERSION = 5.0;
				TARGETED_DEVICE_FAMILY = "1,2";
				TEST_HOST = "$(BUILT_PRODUCTS_DIR)/TestApp.app/TestApp";
			};
			name = Debug;
		};
		7D02CDD024D2F4ED00B46F11 /* Release */ = {
			isa = XCBuildConfiguration;
			buildSettings = {
				ALWAYS_EMBED_SWIFT_STANDARD_LIBRARIES = YES;
				BUNDLE_LOADER = "$(TEST_HOST)";
				CODE_SIGN_STYLE = Automatic;
				INFOPLIST_FILE = TestAppTests/Info.plist;
				IPHONEOS_DEPLOYMENT_TARGET = 13.2;
				LD_RUNPATH_SEARCH_PATHS = (
					"$(inherited)",
					"@executable_path/Frameworks",
					"@loader_path/Frameworks",
				);
				PRODUCT_BUNDLE_IDENTIFIER = TestOrg.TestAppTests;
				PRODUCT_NAME = "$(TARGET_NAME)";
				SWIFT_VERSION = 5.0;
				TARGETED_DEVICE_FAMILY = "1,2";
				TEST_HOST = "$(BUILT_PRODUCTS_DIR)/TestApp.app/TestApp";
			};
			name = Release;
		};
		7D02CDD224D2F4ED00B46F11 /* Debug */ = {
			isa = XCBuildConfiguration;
			buildSettings = {
				ALWAYS_EMBED_SWIFT_STANDARD_LIBRARIES = YES;
				CODE_SIGN_STYLE = Automatic;
				INFOPLIST_FILE = TestAppUITests/Info.plist;
				LD_RUNPATH_SEARCH_PATHS = (
					"$(inherited)",
					"@executable_path/Frameworks",
					"@loader_path/Frameworks",
				);
				PRODUCT_BUNDLE_IDENTIFIER = TestOrg.TestAppUITests;
				PRODUCT_NAME = "$(TARGET_NAME)";
				SWIFT_VERSION = 5.0;
				TARGETED_DEVICE_FAMILY = "1,2";
				TEST_TARGET_NAME = TestApp;
			};
			name = Debug;
		};
		7D02CDD324D2F4ED00B46F11 /* Release */ = {
			isa = XCBuildConfiguration;
			buildSettings = {
				ALWAYS_EMBED_SWIFT_STANDARD_LIBRARIES = YES;
				CODE_SIGN_STYLE = Automatic;
				INFOPLIST_FILE = TestAppUITests/Info.plist;
				LD_RUNPATH_SEARCH_PATHS = (
					"$(inherited)",
					"@executable_path/Frameworks",
					"@loader_path/Frameworks",
				);
				PRODUCT_BUNDLE_IDENTIFIER = TestOrg.TestAppUITests;
				PRODUCT_NAME = "$(TARGET_NAME)";
				SWIFT_VERSION = 5.0;
				TARGETED_DEVICE_FAMILY = "1,2";
				TEST_TARGET_NAME = TestApp;
			};
			name = Release;
		};
/* End XCBuildConfiguration section */

/* Begin XCConfigurationList section */
		7D02CD9C24D2F4EA00B46F11 /* Build configuration list for PBXProject "TestApp" */ = {
			isa = XCConfigurationList;
			buildConfigurations = (
				7D02CDC924D2F4ED00B46F11 /* Debug */,
				7D02CDCA24D2F4ED00B46F11 /* Release */,
			);
			defaultConfigurationIsVisible = 0;
			defaultConfigurationName = Release;
		};
		7D02CDCB24D2F4ED00B46F11 /* Build configuration list for PBXNativeTarget "TestApp" */ = {
			isa = XCConfigurationList;
			buildConfigurations = (
				7D02CDCC24D2F4ED00B46F11 /* Debug */,
				7D02CDCD24D2F4ED00B46F11 /* Release */,
			);
			defaultConfigurationIsVisible = 0;
			defaultConfigurationName = Release;
		};
		7D02CDCE24D2F4ED00B46F11 /* Build configuration list for PBXNativeTarget "TestAppTests" */ = {
			isa = XCConfigurationList;
			buildConfigurations = (
				7D02CDCF24D2F4ED00B46F11 /* Debug */,
				7D02CDD024D2F4ED00B46F11 /* Release */,
			);
			defaultConfigurationIsVisible = 0;
			defaultConfigurationName = Release;
		};
		7D02CDD124D2F4ED00B46F11 /* Build configuration list for PBXNativeTarget "TestAppUITests" */ = {
			isa = XCConfigurationList;
			buildConfigurations = (
				7D02CDD224D2F4ED00B46F11 /* Debug */,
				7D02CDD324D2F4ED00B46F11 /* Release */,
			);
			defaultConfigurationIsVisible = 0;
			defaultConfigurationName = Release;
		};
/* End XCConfigurationList section */
	};
	rootObject = 7D02CD9924D2F4EA00B46F11 /* Project object */;
}
